// !$*UTF8*$!
{
	archiveVersion = 1;
	classes = {
	};
	objectVersion = 46;
	objects = {

/* Begin PBXBuildFile section */
		9A94B1661DEEBB6500C468D8 /* main.m in Sources */ = {isa = PBXBuildFile; fileRef = 9A94B1651DEEBB6500C468D8 /* main.m */; };
		9A94B1691DEEBB6500C468D8 /* AppDelegate.m in Sources */ = {isa = PBXBuildFile; fileRef = 9A94B1681DEEBB6500C468D8 /* AppDelegate.m */; };
		9A94B16C1DEEBB6500C468D8 /* ViewController.m in Sources */ = {isa = PBXBuildFile; fileRef = 9A94B16B1DEEBB6500C468D8 /* ViewController.m */; };
		9A94B16F1DEEBB6500C468D8 /* Main.storyboard in Resources */ = {isa = PBXBuildFile; fileRef = 9A94B16D1DEEBB6500C468D8 /* Main.storyboard */; };
		9A94B1711DEEBB6500C468D8 /* Assets.xcassets in Resources */ = {isa = PBXBuildFile; fileRef = 9A94B1701DEEBB6500C468D8 /* Assets.xcassets */; };
		9A94B1741DEEBB6500C468D8 /* LaunchScreen.storyboard in Resources */ = {isa = PBXBuildFile; fileRef = 9A94B1721DEEBB6500C468D8 /* LaunchScreen.storyboard */; };
		9A94B17F1DEEBB6500C468D8 /* ANSlideCardTests.m in Sources */ = {isa = PBXBuildFile; fileRef = 9A94B17E1DEEBB6500C468D8 /* ANSlideCardTests.m */; };
		9A94B18A1DEEBB6500C468D8 /* ANSlideCardUITests.m in Sources */ = {isa = PBXBuildFile; fileRef = 9A94B1891DEEBB6500C468D8 /* ANSlideCardUITests.m */; };
/* End PBXBuildFile section */

/* Begin PBXContainerItemProxy section */
		9A94B17B1DEEBB6500C468D8 /* PBXContainerItemProxy */ = {
			isa = PBXContainerItemProxy;
			containerPortal = 9A94B1591DEEBB6500C468D8 /* Project object */;
			proxyType = 1;
			remoteGlobalIDString = 9A94B1601DEEBB6500C468D8;
			remoteInfo = ANSlideCard;
		};
		9A94B1861DEEBB6500C468D8 /* PBXContainerItemProxy */ = {
			isa = PBXContainerItemProxy;
			containerPortal = 9A94B1591DEEBB6500C468D8 /* Project object */;
			proxyType = 1;
			remoteGlobalIDString = 9A94B1601DEEBB6500C468D8;
			remoteInfo = ANSlideCard;
		};
/* End PBXContainerItemProxy section */

/* Begin PBXFileReference section */
		9A94B1611DEEBB6500C468D8 /* ANSlideCard.app */ = {isa = PBXFileReference; explicitFileType = wrapper.application; includeInIndex = 0; path = ANSlideCard.app; sourceTree = BUILT_PRODUCTS_DIR; };
		9A94B1651DEEBB6500C468D8 /* main.m */ = {isa = PBXFileReference; lastKnownFileType = sourcecode.c.objc; path = main.m; sourceTree = "<group>"; };
		9A94B1671DEEBB6500C468D8 /* AppDelegate.h */ = {isa = PBXFileReference; lastKnownFileType = sourcecode.c.h; path = AppDelegate.h; sourceTree = "<group>"; };
		9A94B1681DEEBB6500C468D8 /* AppDelegate.m */ = {isa = PBXFileReference; lastKnownFileType = sourcecode.c.objc; path = AppDelegate.m; sourceTree = "<group>"; };
		9A94B16A1DEEBB6500C468D8 /* ViewController.h */ = {isa = PBXFileReference; lastKnownFileType = sourcecode.c.h; path = ViewController.h; sourceTree = "<group>"; };
		9A94B16B1DEEBB6500C468D8 /* ViewController.m */ = {isa = PBXFileReference; lastKnownFileType = sourcecode.c.objc; path = ViewController.m; sourceTree = "<group>"; };
		9A94B16E1DEEBB6500C468D8 /* Base */ = {isa = PBXFileReference; lastKnownFileType = file.storyboard; name = Base; path = Base.lproj/Main.storyboard; sourceTree = "<group>"; };
		9A94B1701DEEBB6500C468D8 /* Assets.xcassets */ = {isa = PBXFileReference; lastKnownFileType = folder.assetcatalog; path = Assets.xcassets; sourceTree = "<group>"; };
		9A94B1731DEEBB6500C468D8 /* Base */ = {isa = PBXFileReference; lastKnownFileType = file.storyboard; name = Base; path = Base.lproj/LaunchScreen.storyboard; sourceTree = "<group>"; };
		9A94B1751DEEBB6500C468D8 /* Info.plist */ = {isa = PBXFileReference; lastKnownFileType = text.plist.xml; path = Info.plist; sourceTree = "<group>"; };
		9A94B17A1DEEBB6500C468D8 /* ANSlideCardTests.xctest */ = {isa = PBXFileReference; explicitFileType = wrapper.cfbundle; includeInIndex = 0; path = ANSlideCardTests.xctest; sourceTree = BUILT_PRODUCTS_DIR; };
		9A94B17E1DEEBB6500C468D8 /* ANSlideCardTests.m */ = {isa = PBXFileReference; lastKnownFileType = sourcecode.c.objc; path = ANSlideCardTests.m; sourceTree = "<group>"; };
		9A94B1801DEEBB6500C468D8 /* Info.plist */ = {isa = PBXFileReference; lastKnownFileType = text.plist.xml; path = Info.plist; sourceTree = "<group>"; };
		9A94B1851DEEBB6500C468D8 /* ANSlideCardUITests.xctest */ = {isa = PBXFileReference; explicitFileType = wrapper.cfbundle; includeInIndex = 0; path = ANSlideCardUITests.xctest; sourceTree = BUILT_PRODUCTS_DIR; };
		9A94B1891DEEBB6500C468D8 /* ANSlideCardUITests.m */ = {isa = PBXFileReference; lastKnownFileType = sourcecode.c.objc; path = ANSlideCardUITests.m; sourceTree = "<group>"; };
		9A94B18B1DEEBB6500C468D8 /* Info.plist */ = {isa = PBXFileReference; lastKnownFileType = text.plist.xml; path = Info.plist; sourceTree = "<group>"; };
/* End PBXFileReference section */

/* Begin PBXFrameworksBuildPhase section */
		9A94B15E1DEEBB6500C468D8 /* Frameworks */ = {
			isa = PBXFrameworksBuildPhase;
			buildActionMask = 2147483647;
			files = (
			);
			runOnlyForDeploymentPostprocessing = 0;
		};
		9A94B1771DEEBB6500C468D8 /* Frameworks */ = {
			isa = PBXFrameworksBuildPhase;
			buildActionMask = 2147483647;
			files = (
			);
			runOnlyForDeploymentPostprocessing = 0;
		};
		9A94B1821DEEBB6500C468D8 /* Frameworks */ = {
			isa = PBXFrameworksBuildPhase;
			buildActionMask = 2147483647;
			files = (
			);
			runOnlyForDeploymentPostprocessing = 0;
		};
/* End PBXFrameworksBuildPhase section */

/* Begin PBXGroup section */
		9A94B1581DEEBB6500C468D8 = {
			isa = PBXGroup;
			children = (
				9A94B1631DEEBB6500C468D8 /* ANSlideCard */,
				9A94B17D1DEEBB6500C468D8 /* ANSlideCardTests */,
				9A94B1881DEEBB6500C468D8 /* ANSlideCardUITests */,
				9A94B1621DEEBB6500C468D8 /* Products */,
			);
			sourceTree = "<group>";
		};
		9A94B1621DEEBB6500C468D8 /* Products */ = {
			isa = PBXGroup;
			children = (
				9A94B1611DEEBB6500C468D8 /* ANSlideCard.app */,
				9A94B17A1DEEBB6500C468D8 /* ANSlideCardTests.xctest */,
				9A94B1851DEEBB6500C468D8 /* ANSlideCardUITests.xctest */,
			);
			name = Products;
			sourceTree = "<group>";
		};
		9A94B1631DEEBB6500C468D8 /* ANSlideCard */ = {
			isa = PBXGroup;
			children = (
				9A94B1671DEEBB6500C468D8 /* AppDelegate.h */,
				9A94B1681DEEBB6500C468D8 /* AppDelegate.m */,
				9A94B16A1DEEBB6500C468D8 /* ViewController.h */,
				9A94B16B1DEEBB6500C468D8 /* ViewController.m */,
				9A94B16D1DEEBB6500C468D8 /* Main.storyboard */,
				9A94B1701DEEBB6500C468D8 /* Assets.xcassets */,
				9A94B1721DEEBB6500C468D8 /* LaunchScreen.storyboard */,
				9A94B1751DEEBB6500C468D8 /* Info.plist */,
				9A94B1641DEEBB6500C468D8 /* Supporting Files */,
			);
			path = ANSlideCard;
			sourceTree = "<group>";
		};
		9A94B1641DEEBB6500C468D8 /* Supporting Files */ = {
			isa = PBXGroup;
			children = (
				9A94B1651DEEBB6500C468D8 /* main.m */,
			);
			name = "Supporting Files";
			sourceTree = "<group>";
		};
		9A94B17D1DEEBB6500C468D8 /* ANSlideCardTests */ = {
			isa = PBXGroup;
			children = (
				9A94B17E1DEEBB6500C468D8 /* ANSlideCardTests.m */,
				9A94B1801DEEBB6500C468D8 /* Info.plist */,
			);
			path = ANSlideCardTests;
			sourceTree = "<group>";
		};
		9A94B1881DEEBB6500C468D8 /* ANSlideCardUITests */ = {
			isa = PBXGroup;
			children = (
				9A94B1891DEEBB6500C468D8 /* ANSlideCardUITests.m */,
				9A94B18B1DEEBB6500C468D8 /* Info.plist */,
			);
			path = ANSlideCardUITests;
			sourceTree = "<group>";
		};
/* End PBXGroup section */

/* Begin PBXNativeTarget section */
		9A94B1601DEEBB6500C468D8 /* ANSlideCard */ = {
			isa = PBXNativeTarget;
			buildConfigurationList = 9A94B18E1DEEBB6500C468D8 /* Build configuration list for PBXNativeTarget "ANSlideCard" */;
			buildPhases = (
				9A94B15D1DEEBB6500C468D8 /* Sources */,
				9A94B15E1DEEBB6500C468D8 /* Frameworks */,
				9A94B15F1DEEBB6500C468D8 /* Resources */,
			);
			buildRules = (
			);
			dependencies = (
			);
			name = ANSlideCard;
			productName = ANSlideCard;
			productReference = 9A94B1611DEEBB6500C468D8 /* ANSlideCard.app */;
			productType = "com.apple.product-type.application";
		};
		9A94B1791DEEBB6500C468D8 /* ANSlideCardTests */ = {
			isa = PBXNativeTarget;
			buildConfigurationList = 9A94B1911DEEBB6500C468D8 /* Build configuration list for PBXNativeTarget "ANSlideCardTests" */;
			buildPhases = (
				9A94B1761DEEBB6500C468D8 /* Sources */,
				9A94B1771DEEBB6500C468D8 /* Frameworks */,
				9A94B1781DEEBB6500C468D8 /* Resources */,
			);
			buildRules = (
			);
			dependencies = (
				9A94B17C1DEEBB6500C468D8 /* PBXTargetDependency */,
			);
			name = ANSlideCardTests;
			productName = ANSlideCardTests;
			productReference = 9A94B17A1DEEBB6500C468D8 /* ANSlideCardTests.xctest */;
			productType = "com.apple.product-type.bundle.unit-test";
		};
		9A94B1841DEEBB6500C468D8 /* ANSlideCardUITests */ = {
			isa = PBXNativeTarget;
			buildConfigurationList = 9A94B1941DEEBB6500C468D8 /* Build configuration list for PBXNativeTarget "ANSlideCardUITests" */;
			buildPhases = (
				9A94B1811DEEBB6500C468D8 /* Sources */,
				9A94B1821DEEBB6500C468D8 /* Frameworks */,
				9A94B1831DEEBB6500C468D8 /* Resources */,
			);
			buildRules = (
			);
			dependencies = (
				9A94B1871DEEBB6500C468D8 /* PBXTargetDependency */,
			);
			name = ANSlideCardUITests;
			productName = ANSlideCardUITests;
			productReference = 9A94B1851DEEBB6500C468D8 /* ANSlideCardUITests.xctest */;
			productType = "com.apple.product-type.bundle.ui-testing";
		};
/* End PBXNativeTarget section */

/* Begin PBXProject section */
		9A94B1591DEEBB6500C468D8 /* Project object */ = {
			isa = PBXProject;
			attributes = {
				LastUpgradeCheck = 0810;
				ORGANIZATIONNAME = AN;
				TargetAttributes = {
					9A94B1601DEEBB6500C468D8 = {
						CreatedOnToolsVersion = 8.1;
						ProvisioningStyle = Automatic;
					};
					9A94B1791DEEBB6500C468D8 = {
						CreatedOnToolsVersion = 8.1;
						ProvisioningStyle = Automatic;
						TestTargetID = 9A94B1601DEEBB6500C468D8;
					};
					9A94B1841DEEBB6500C468D8 = {
						CreatedOnToolsVersion = 8.1;
						ProvisioningStyle = Automatic;
						TestTargetID = 9A94B1601DEEBB6500C468D8;
					};
				};
			};
			buildConfigurationList = 9A94B15C1DEEBB6500C468D8 /* Build configuration list for PBXProject "ANSlideCard" */;
			compatibilityVersion = "Xcode 3.2";
			developmentRegion = English;
			hasScannedForEncodings = 0;
			knownRegions = (
				en,
				Base,
			);
			mainGroup = 9A94B1581DEEBB6500C468D8;
			productRefGroup = 9A94B1621DEEBB6500C468D8 /* Products */;
			projectDirPath = "";
			projectRoot = "";
			targets = (
				9A94B1601DEEBB6500C468D8 /* ANSlideCard */,
				9A94B1791DEEBB6500C468D8 /* ANSlideCardTests */,
				9A94B1841DEEBB6500C468D8 /* ANSlideCardUITests */,
			);
		};
/* End PBXProject section */

/* Begin PBXResourcesBuildPhase section */
		9A94B15F1DEEBB6500C468D8 /* Resources */ = {
			isa = PBXResourcesBuildPhase;
			buildActionMask = 2147483647;
			files = (
				9A94B1741DEEBB6500C468D8 /* LaunchScreen.storyboard in Resources */,
				9A94B1711DEEBB6500C468D8 /* Assets.xcassets in Resources */,
				9A94B16F1DEEBB6500C468D8 /* Main.storyboard in Resources */,
			);
			runOnlyForDeploymentPostprocessing = 0;
		};
		9A94B1781DEEBB6500C468D8 /* Resources */ = {
			isa = PBXResourcesBuildPhase;
			buildActionMask = 2147483647;
			files = (
			);
			runOnlyForDeploymentPostprocessing = 0;
		};
		9A94B1831DEEBB6500C468D8 /* Resources */ = {
			isa = PBXResourcesBuildPhase;
			buildActionMask = 2147483647;
			files = (
			);
			runOnlyForDeploymentPostprocessing = 0;
		};
/* End PBXResourcesBuildPhase section */

/* Begin PBXSourcesBuildPhase section */
		9A94B15D1DEEBB6500C468D8 /* Sources */ = {
			isa = PBXSourcesBuildPhase;
			buildActionMask = 2147483647;
			files = (
				9A94B16C1DEEBB6500C468D8 /* ViewController.m in Sources */,
				9A94B1691DEEBB6500C468D8 /* AppDelegate.m in Sources */,
				9A94B1661DEEBB6500C468D8 /* main.m in Sources */,
			);
			runOnlyForDeploymentPostprocessing = 0;
		};
		9A94B1761DEEBB6500C468D8 /* Sources */ = {
			isa = PBXSourcesBuildPhase;
			buildActionMask = 2147483647;
			files = (
				9A94B17F1DEEBB6500C468D8 /* ANSlideCardTests.m in Sources */,
			);
			runOnlyForDeploymentPostprocessing = 0;
		};
		9A94B1811DEEBB6500C468D8 /* Sources */ = {
			isa = PBXSourcesBuildPhase;
			buildActionMask = 2147483647;
			files = (
				9A94B18A1DEEBB6500C468D8 /* ANSlideCardUITests.m in Sources */,
			);
			runOnlyForDeploymentPostprocessing = 0;
		};
/* End PBXSourcesBuildPhase section */

/* Begin PBXTargetDependency section */
		9A94B17C1DEEBB6500C468D8 /* PBXTargetDependency */ = {
			isa = PBXTargetDependency;
			target = 9A94B1601DEEBB6500C468D8 /* ANSlideCard */;
			targetProxy = 9A94B17B1DEEBB6500C468D8 /* PBXContainerItemProxy */;
		};
		9A94B1871DEEBB6500C468D8 /* PBXTargetDependency */ = {
			isa = PBXTargetDependency;
			target = 9A94B1601DEEBB6500C468D8 /* ANSlideCard */;
			targetProxy = 9A94B1861DEEBB6500C468D8 /* PBXContainerItemProxy */;
		};
/* End PBXTargetDependency section */

/* Begin PBXVariantGroup section */
		9A94B16D1DEEBB6500C468D8 /* Main.storyboard */ = {
			isa = PBXVariantGroup;
			children = (
				9A94B16E1DEEBB6500C468D8 /* Base */,
			);
			name = Main.storyboard;
			sourceTree = "<group>";
		};
		9A94B1721DEEBB6500C468D8 /* LaunchScreen.storyboard */ = {
			isa = PBXVariantGroup;
			children = (
				9A94B1731DEEBB6500C468D8 /* Base */,
			);
			name = LaunchScreen.storyboard;
			sourceTree = "<group>";
		};
/* End PBXVariantGroup section */

/* Begin XCBuildConfiguration section */
		9A94B18C1DEEBB6500C468D8 /* Debug */ = {
			isa = XCBuildConfiguration;
			buildSettings = {
				ALWAYS_SEARCH_USER_PATHS = NO;
				CLANG_ANALYZER_NONNULL = YES;
				CLANG_CXX_LANGUAGE_STANDARD = "gnu++0x";
				CLANG_CXX_LIBRARY = "libc++";
				CLANG_ENABLE_MODULES = YES;
				CLANG_ENABLE_OBJC_ARC = YES;
				CLANG_WARN_BOOL_CONVERSION = YES;
				CLANG_WARN_CONSTANT_CONVERSION = YES;
				CLANG_WARN_DIRECT_OBJC_ISA_USAGE = YES_ERROR;
				CLANG_WARN_DOCUMENTATION_COMMENTS = YES;
				CLANG_WARN_EMPTY_BODY = YES;
				CLANG_WARN_ENUM_CONVERSION = YES;
				CLANG_WARN_INFINITE_RECURSION = YES;
				CLANG_WARN_INT_CONVERSION = YES;
				CLANG_WARN_OBJC_ROOT_CLASS = YES_ERROR;
				CLANG_WARN_SUSPICIOUS_MOVES = YES;
				CLANG_WARN_UNREACHABLE_CODE = YES;
				CLANG_WARN__DUPLICATE_METHOD_MATCH = YES;
				"CODE_SIGN_IDENTITY[sdk=iphoneos*]" = "iPhone Developer";
				COPY_PHASE_STRIP = NO;
				DEBUG_INFORMATION_FORMAT = dwarf;
				ENABLE_STRICT_OBJC_MSGSEND = YES;
				ENABLE_TESTABILITY = YES;
				GCC_C_LANGUAGE_STANDARD = gnu99;
				GCC_DYNAMIC_NO_PIC = NO;
				GCC_NO_COMMON_BLOCKS = YES;
				GCC_OPTIMIZATION_LEVEL = 0;
				GCC_PREPROCESSOR_DEFINITIONS = (
					"DEBUG=1",
					"$(inherited)",
				);
				GCC_WARN_64_TO_32_BIT_CONVERSION = YES;
				GCC_WARN_ABOUT_RETURN_TYPE = YES_ERROR;
				GCC_WARN_UNDECLARED_SELECTOR = YES;
				GCC_WARN_UNINITIALIZED_AUTOS = YES_AGGRESSIVE;
				GCC_WARN_UNUSED_FUNCTION = YES;
				GCC_WARN_UNUSED_VARIABLE = YES;
				IPHONEOS_DEPLOYMENT_TARGET = 10.1;
				MTL_ENABLE_DEBUG_INFO = YES;
				ONLY_ACTIVE_ARCH = YES;
				SDKROOT = iphoneos;
			};
			name = Debug;
		};
		9A94B18D1DEEBB6500C468D8 /* Release */ = {
			isa = XCBuildConfiguration;
			buildSettings = {
				ALWAYS_SEARCH_USER_PATHS = NO;
				CLANG_ANALYZER_NONNULL = YES;
				CLANG_CXX_LANGUAGE_STANDARD = "gnu++0x";
				CLANG_CXX_LIBRARY = "libc++";
				CLANG_ENABLE_MODULES = YES;
				CLANG_ENABLE_OBJC_ARC = YES;
				CLANG_WARN_BOOL_CONVERSION = YES;
				CLANG_WARN_CONSTANT_CONVERSION = YES;
				CLANG_WARN_DIRECT_OBJC_ISA_USAGE = YES_ERROR;
				CLANG_WARN_DOCUMENTATION_COMMENTS = YES;
				CLANG_WARN_EMPTY_BODY = YES;
				CLANG_WARN_ENUM_CONVERSION = YES;
				CLANG_WARN_INFINITE_RECURSION = YES;
				CLANG_WARN_INT_CONVERSION = YES;
				CLANG_WARN_OBJC_ROOT_CLASS = YES_ERROR;
				CLANG_WARN_SUSPICIOUS_MOVES = YES;
				CLANG_WARN_UNREACHABLE_CODE = YES;
				CLANG_WARN__DUPLICATE_METHOD_MATCH = YES;
				"CODE_SIGN_IDENTITY[sdk=iphoneos*]" = "iPhone Developer";
				COPY_PHASE_STRIP = NO;
				DEBUG_INFORMATION_FORMAT = "dwarf-with-dsym";
				ENABLE_NS_ASSERTIONS = NO;
				ENABLE_STRICT_OBJC_MSGSEND = YES;
				GCC_C_LANGUAGE_STANDARD = gnu99;
				GCC_NO_COMMON_BLOCKS = YES;
				GCC_WARN_64_TO_32_BIT_CONVERSION = YES;
				GCC_WARN_ABOUT_RETURN_TYPE = YES_ERROR;
				GCC_WARN_UNDECLARED_SELECTOR = YES;
				GCC_WARN_UNINITIALIZED_AUTOS = YES_AGGRESSIVE;
				GCC_WARN_UNUSED_FUNCTION = YES;
				GCC_WARN_UNUSED_VARIABLE = YES;
				IPHONEOS_DEPLOYMENT_TARGET = 10.1;
				MTL_ENABLE_DEBUG_INFO = NO;
				SDKROOT = iphoneos;
				VALIDATE_PRODUCT = YES;
			};
			name = Release;
		};
		9A94B18F1DEEBB6500C468D8 /* Debug */ = {
			isa = XCBuildConfiguration;
			buildSettings = {
				ASSETCATALOG_COMPILER_APPICON_NAME = AppIcon;
				INFOPLIST_FILE = ANSlideCard/Info.plist;
				LD_RUNPATH_SEARCH_PATHS = "$(inherited) @executable_path/Frameworks";
				PRODUCT_BUNDLE_IDENTIFIER = com.juchao.xcfyuqing.ANSlideCard;
				PRODUCT_NAME = "$(TARGET_NAME)";
			};
			name = Debug;
		};
		9A94B1901DEEBB6500C468D8 /* Release */ = {
			isa = XCBuildConfiguration;
			buildSettings = {
				ASSETCATALOG_COMPILER_APPICON_NAME = AppIcon;
				INFOPLIST_FILE = ANSlideCard/Info.plist;
				LD_RUNPATH_SEARCH_PATHS = "$(inherited) @executable_path/Frameworks";
				PRODUCT_BUNDLE_IDENTIFIER = com.juchao.xcfyuqing.ANSlideCard;
				PRODUCT_NAME = "$(TARGET_NAME)";
			};
			name = Release;
		};
		9A94B1921DEEBB6500C468D8 /* Debug */ = {
			isa = XCBuildConfiguration;
			buildSettings = {
				BUNDLE_LOADER = "$(TEST_HOST)";
				INFOPLIST_FILE = ANSlideCardTests/Info.plist;
				LD_RUNPATH_SEARCH_PATHS = "$(inherited) @executable_path/Frameworks @loader_path/Frameworks";
				PRODUCT_BUNDLE_IDENTIFIER = com.juchao.xcfyuqing.ANSlideCardTests;
				PRODUCT_NAME = "$(TARGET_NAME)";
				TEST_HOST = "$(BUILT_PRODUCTS_DIR)/ANSlideCard.app/ANSlideCard";
			};
			name = Debug;
		};
		9A94B1931DEEBB6500C468D8 /* Release */ = {
			isa = XCBuildConfiguration;
			buildSettings = {
				BUNDLE_LOADER = "$(TEST_HOST)";
				INFOPLIST_FILE = ANSlideCardTests/Info.plist;
				LD_RUNPATH_SEARCH_PATHS = "$(inherited) @executable_path/Frameworks @loader_path/Frameworks";
				PRODUCT_BUNDLE_IDENTIFIER = com.juchao.xcfyuqing.ANSlideCardTests;
				PRODUCT_NAME = "$(TARGET_NAME)";
				TEST_HOST = "$(BUILT_PRODUCTS_DIR)/ANSlideCard.app/ANSlideCard";
			};
			name = Release;
		};
		9A94B1951DEEBB6500C468D8 /* Debug */ = {
			isa = XCBuildConfiguration;
			buildSettings = {
				INFOPLIST_FILE = ANSlideCardUITests/Info.plist;
				LD_RUNPATH_SEARCH_PATHS = "$(inherited) @executable_path/Frameworks @loader_path/Frameworks";
				PRODUCT_BUNDLE_IDENTIFIER = com.juchao.xcfyuqing.ANSlideCardUITests;
				PRODUCT_NAME = "$(TARGET_NAME)";
				TEST_TARGET_NAME = ANSlideCard;
			};
			name = Debug;
		};
		9A94B1961DEEBB6500C468D8 /* Release */ = {
			isa = XCBuildConfiguration;
			buildSettings = {
				INFOPLIST_FILE = ANSlideCardUITests/Info.plist;
				LD_RUNPATH_SEARCH_PATHS = "$(inherited) @executable_path/Frameworks @loader_path/Frameworks";
				PRODUCT_BUNDLE_IDENTIFIER = com.juchao.xcfyuqing.ANSlideCardUITests;
				PRODUCT_NAME = "$(TARGET_NAME)";
				TEST_TARGET_NAME = ANSlideCard;
			};
			name = Release;
		};
/* End XCBuildConfiguration section */

/* Begin XCConfigurationList section */
		9A94B15C1DEEBB6500C468D8 /* Build configuration list for PBXProject "ANSlideCard" */ = {
			isa = XCConfigurationList;
			buildConfigurations = (
				9A94B18C1DEEBB6500C468D8 /* Debug */,
				9A94B18D1DEEBB6500C468D8 /* Release */,
			);
			defaultConfigurationIsVisible = 0;
			defaultConfigurationName = Release;
		};
		9A94B18E1DEEBB6500C468D8 /* Build configuration list for PBXNativeTarget "ANSlideCard" */ = {
			isa = XCConfigurationList;
			buildConfigurations = (
				9A94B18F1DEEBB6500C468D8 /* Debug */,
				9A94B1901DEEBB6500C468D8 /* Release */,
			);
			defaultConfigurationIsVisible = 0;
		};
		9A94B1911DEEBB6500C468D8 /* Build configuration list for PBXNativeTarget "ANSlideCardTests" */ = {
			isa = XCConfigurationList;
			buildConfigurations = (
				9A94B1921DEEBB6500C468D8 /* Debug */,
				9A94B1931DEEBB6500C468D8 /* Release */,
			);
			defaultConfigurationIsVisible = 0;
		};
		9A94B1941DEEBB6500C468D8 /* Build configuration list for PBXNativeTarget "ANSlideCardUITests" */ = {
			isa = XCConfigurationList;
			buildConfigurations = (
				9A94B1951DEEBB6500C468D8 /* Debug */,
				9A94B1961DEEBB6500C468D8 /* Release */,
			);
			defaultConfigurationIsVisible = 0;
		};
/* End XCConfigurationList section */
	};
	rootObject = 9A94B1591DEEBB6500C468D8 /* Project object */;
}
